
Microsoft Visual Studio Solution File, Format Version 12.00
Project("{2150E333-8FDC-42A3-9474-1A3956D46DE8}") = "DataAccess", "DataAccess", "{105867EB-58B1-4AB2-B4D2-CAE62D62A648}"
EndProject
Project("{2150E333-8FDC-42A3-9474-1A3956D46DE8}") = "Domain", "Domain", "{D0F170DB-590D-4C15-98B8-BBB5BD672D8A}"
EndProject
Project("{2150E333-8FDC-42A3-9474-1A3956D46DE8}") = "ClientApp", "ClientApp", "{3731C7C9-A861-4B56-85E9-4199EA4EAA4B}"
EndProject
Project("{FAE04EC0-301F-11D3-BF4B-00C04F79EFBC}") = "Boldly.Domain.Localization", "domain\src\Boldly.Domain.Localization\Boldly.Domain.Localization.csproj", "{F7F486BC-9206-4D67-A9B5-30D7450210C5}"
EndProject
Project("{2150E333-8FDC-42A3-9474-1A3956D46DE8}") = "WebApi", "WebApi", "{859E42F3-3CEC-419B-A958-88142B8ADF10}"
EndProject
Project("{F2A71F9B-5D33-465A-A702-920D77279786}") = "Boldly.WebApi", "web-api\src\Boldly.WebApi\Boldly.WebApi.fsproj", "{8B35BC59-69EB-4423-BBC4-824FE0D2E7D8}"
EndProject
Project("{F2A71F9B-5D33-465A-A702-920D77279786}") = "Boldly.WebApi.Tests", "web-api\tests\Boldly.WebApi.Tests\Boldly.WebApi.Tests.fsproj", "{AE672233-65D9-4347-AD87-80AB05D222B3}"
EndProject
Project("{F2A71F9B-5D33-465A-A702-920D77279786}") = "Boldly.DataAccess.Postgres", "data-access\src\Boldly.DataAccess.Postgres\Boldly.DataAccess.Postgres.fsproj", "{79146E0F-2F5D-46D3-AA8A-9D0634D62DAC}"
EndProject
Project("{F2A71F9B-5D33-465A-A702-920D77279786}") = "Boldly.DataAccess.SqlServer", "data-access\src\Boldly.DataAccess.SqlServer\Boldly.DataAccess.SqlServer.fsproj", "{6F08F418-ED7F-4C99-BD95-F873CCB43703}"
EndProject
Project("{F2A71F9B-5D33-465A-A702-920D77279786}") = "Boldly.DataAccess.Postgres.Tests", "data-access\tests\Boldly.DataAccess.Postgres.Tests\Boldly.DataAccess.Postgres.Tests.fsproj", "{9AD76224-CE47-454B-B4CD-00AB93F3CBEC}"
EndProject
Project("{F2A71F9B-5D33-465A-A702-920D77279786}") = "Boldly.DataAccess.SqlServer.Tests", "data-access\tests\Boldly.DataAccess.SqlServer.Tests\Boldly.DataAccess.SqlServer.Tests.fsproj", "{BE4C43A8-595F-4BA1-B4C6-51F255E3EFD9}"
EndProject
Project("{F2A71F9B-5D33-465A-A702-920D77279786}") = "Boldly.DataAccess.DbUpdater", "data-access\src\Boldly.DataAccess.DbUpdater\Boldly.DataAccess.DbUpdater.fsproj", "{1D0FE6FA-221E-42A4-B687-48E8B2471ED7}"
EndProject
Project("{F2A71F9B-5D33-465A-A702-920D77279786}") = "Boldly.Domain.Versioning", "domain\src\Boldly.Domain.Versioning\Boldly.Domain.Versioning.fsproj", "{003DE91B-C391-4790-9349-BE998313350B}"
EndProject
Project("{F2A71F9B-5D33-465A-A702-920D77279786}") = "Boldly.Domain.PlatformAdministration", "domain\src\Boldly.Domain.PlatformAdministration\Boldly.Domain.PlatformAdministration.fsproj", "{C00E185A-14A9-4690-88F2-4F88F3CEACE9}"
EndProject
Project("{F2A71F9B-5D33-465A-A702-920D77279786}") = "Boldly.Domain.PlatformAdministration.Tests", "domain\tests\Boldly.Domain.PlatformAdministration.Tests\Boldly.Domain.PlatformAdministration.Tests.fsproj", "{C05D6C74-6277-4B92-A207-42C10B6E30C3}"
EndProject
Project("{F2A71F9B-5D33-465A-A702-920D77279786}") = "Boldly.Domain.Versioning.Tests", "domain\tests\Boldly.Domain.Versioning.Tests\Boldly.Domain.Versioning.Tests.fsproj", "{7B5105D2-F087-4A56-8305-34A29222E79E}"
EndProject
Project("{F2A71F9B-5D33-465A-A702-920D77279786}") = "Boldly.Domain.Common", "domain\src\Boldly.Domain.Common\Boldly.Domain.Common.fsproj", "{5919A830-F990-49A6-98CF-C45E145D0C63}"
EndProject
Project("{F2A71F9B-5D33-465A-A702-920D77279786}") = "Boldly.Domain.Common.Tests", "domain\tests\Boldly.Domain.Common.Tests\Boldly.Domain.Common.Tests.fsproj", "{CB717B87-A56A-49D7-9187-9104D3852A42}"
EndProject
Project("{F2A71F9B-5D33-465A-A702-920D77279786}") = "Boldly.Domain.Adapters", "domain\src\Boldly.Domain.Adapters\Boldly.Domain.Adapters.fsproj", "{D17DD4D8-CF8C-4088-A959-47AFBA268A9A}"
EndProject
Global
	GlobalSection(SolutionConfigurationPlatforms) = preSolution
		Debug|Any CPU = Debug|Any CPU
		Release|Any CPU = Release|Any CPU
	EndGlobalSection
	GlobalSection(NestedProjects) = preSolution
		{F7F486BC-9206-4D67-A9B5-30D7450210C5} = {D0F170DB-590D-4C15-98B8-BBB5BD672D8A}
		{8B35BC59-69EB-4423-BBC4-824FE0D2E7D8} = {859E42F3-3CEC-419B-A958-88142B8ADF10}
		{AE672233-65D9-4347-AD87-80AB05D222B3} = {859E42F3-3CEC-419B-A958-88142B8ADF10}
		{79146E0F-2F5D-46D3-AA8A-9D0634D62DAC} = {105867EB-58B1-4AB2-B4D2-CAE62D62A648}
		{6F08F418-ED7F-4C99-BD95-F873CCB43703} = {105867EB-58B1-4AB2-B4D2-CAE62D62A648}
		{9AD76224-CE47-454B-B4CD-00AB93F3CBEC} = {105867EB-58B1-4AB2-B4D2-CAE62D62A648}
		{BE4C43A8-595F-4BA1-B4C6-51F255E3EFD9} = {105867EB-58B1-4AB2-B4D2-CAE62D62A648}
		{1D0FE6FA-221E-42A4-B687-48E8B2471ED7} = {105867EB-58B1-4AB2-B4D2-CAE62D62A648}
		{003DE91B-C391-4790-9349-BE998313350B} = {D0F170DB-590D-4C15-98B8-BBB5BD672D8A}
		{C00E185A-14A9-4690-88F2-4F88F3CEACE9} = {D0F170DB-590D-4C15-98B8-BBB5BD672D8A}
		{C05D6C74-6277-4B92-A207-42C10B6E30C3} = {D0F170DB-590D-4C15-98B8-BBB5BD672D8A}
		{7B5105D2-F087-4A56-8305-34A29222E79E} = {D0F170DB-590D-4C15-98B8-BBB5BD672D8A}
		{5919A830-F990-49A6-98CF-C45E145D0C63} = {D0F170DB-590D-4C15-98B8-BBB5BD672D8A}
		{CB717B87-A56A-49D7-9187-9104D3852A42} = {D0F170DB-590D-4C15-98B8-BBB5BD672D8A}
		{D17DD4D8-CF8C-4088-A959-47AFBA268A9A} = {D0F170DB-590D-4C15-98B8-BBB5BD672D8A}
	EndGlobalSection
	GlobalSection(ProjectConfigurationPlatforms) = postSolution
		{F7F486BC-9206-4D67-A9B5-30D7450210C5}.Debug|Any CPU.ActiveCfg = Debug|Any CPU
		{F7F486BC-9206-4D67-A9B5-30D7450210C5}.Debug|Any CPU.Build.0 = Debug|Any CPU
		{F7F486BC-9206-4D67-A9B5-30D7450210C5}.Release|Any CPU.ActiveCfg = Release|Any CPU
		{F7F486BC-9206-4D67-A9B5-30D7450210C5}.Release|Any CPU.Build.0 = Release|Any CPU
		{8B35BC59-69EB-4423-BBC4-824FE0D2E7D8}.Debug|Any CPU.ActiveCfg = Debug|Any CPU
		{8B35BC59-69EB-4423-BBC4-824FE0D2E7D8}.Debug|Any CPU.Build.0 = Debug|Any CPU
		{8B35BC59-69EB-4423-BBC4-824FE0D2E7D8}.Release|Any CPU.ActiveCfg = Release|Any CPU
		{8B35BC59-69EB-4423-BBC4-824FE0D2E7D8}.Release|Any CPU.Build.0 = Release|Any CPU
		{AE672233-65D9-4347-AD87-80AB05D222B3}.Debug|Any CPU.ActiveCfg = Debug|Any CPU
		{AE672233-65D9-4347-AD87-80AB05D222B3}.Debug|Any CPU.Build.0 = Debug|Any CPU
		{AE672233-65D9-4347-AD87-80AB05D222B3}.Release|Any CPU.ActiveCfg = Release|Any CPU
		{AE672233-65D9-4347-AD87-80AB05D222B3}.Release|Any CPU.Build.0 = Release|Any CPU
		{79146E0F-2F5D-46D3-AA8A-9D0634D62DAC}.Debug|Any CPU.ActiveCfg = Debug|Any CPU
		{79146E0F-2F5D-46D3-AA8A-9D0634D62DAC}.Debug|Any CPU.Build.0 = Debug|Any CPU
		{79146E0F-2F5D-46D3-AA8A-9D0634D62DAC}.Release|Any CPU.ActiveCfg = Release|Any CPU
		{79146E0F-2F5D-46D3-AA8A-9D0634D62DAC}.Release|Any CPU.Build.0 = Release|Any CPU
		{6F08F418-ED7F-4C99-BD95-F873CCB43703}.Debug|Any CPU.ActiveCfg = Debug|Any CPU
		{6F08F418-ED7F-4C99-BD95-F873CCB43703}.Debug|Any CPU.Build.0 = Debug|Any CPU
		{6F08F418-ED7F-4C99-BD95-F873CCB43703}.Release|Any CPU.ActiveCfg = Release|Any CPU
		{6F08F418-ED7F-4C99-BD95-F873CCB43703}.Release|Any CPU.Build.0 = Release|Any CPU
		{9AD76224-CE47-454B-B4CD-00AB93F3CBEC}.Debug|Any CPU.ActiveCfg = Debug|Any CPU
		{9AD76224-CE47-454B-B4CD-00AB93F3CBEC}.Debug|Any CPU.Build.0 = Debug|Any CPU
		{9AD76224-CE47-454B-B4CD-00AB93F3CBEC}.Release|Any CPU.ActiveCfg = Release|Any CPU
		{9AD76224-CE47-454B-B4CD-00AB93F3CBEC}.Release|Any CPU.Build.0 = Release|Any CPU
		{BE4C43A8-595F-4BA1-B4C6-51F255E3EFD9}.Debug|Any CPU.ActiveCfg = Debug|Any CPU
		{BE4C43A8-595F-4BA1-B4C6-51F255E3EFD9}.Debug|Any CPU.Build.0 = Debug|Any CPU
		{BE4C43A8-595F-4BA1-B4C6-51F255E3EFD9}.Release|Any CPU.ActiveCfg = Release|Any CPU
		{BE4C43A8-595F-4BA1-B4C6-51F255E3EFD9}.Release|Any CPU.Build.0 = Release|Any CPU
		{1D0FE6FA-221E-42A4-B687-48E8B2471ED7}.Debug|Any CPU.ActiveCfg = Debug|Any CPU
		{1D0FE6FA-221E-42A4-B687-48E8B2471ED7}.Debug|Any CPU.Build.0 = Debug|Any CPU
		{1D0FE6FA-221E-42A4-B687-48E8B2471ED7}.Release|Any CPU.ActiveCfg = Release|Any CPU
		{1D0FE6FA-221E-42A4-B687-48E8B2471ED7}.Release|Any CPU.Build.0 = Release|Any CPU
		{003DE91B-C391-4790-9349-BE998313350B}.Debug|Any CPU.ActiveCfg = Debug|Any CPU
		{003DE91B-C391-4790-9349-BE998313350B}.Debug|Any CPU.Build.0 = Debug|Any CPU
		{003DE91B-C391-4790-9349-BE998313350B}.Release|Any CPU.ActiveCfg = Release|Any CPU
		{003DE91B-C391-4790-9349-BE998313350B}.Release|Any CPU.Build.0 = Release|Any CPU
		{C00E185A-14A9-4690-88F2-4F88F3CEACE9}.Debug|Any CPU.ActiveCfg = Debug|Any CPU
		{C00E185A-14A9-4690-88F2-4F88F3CEACE9}.Debug|Any CPU.Build.0 = Debug|Any CPU
		{C00E185A-14A9-4690-88F2-4F88F3CEACE9}.Release|Any CPU.ActiveCfg = Release|Any CPU
		{C00E185A-14A9-4690-88F2-4F88F3CEACE9}.Release|Any CPU.Build.0 = Release|Any CPU
		{C05D6C74-6277-4B92-A207-42C10B6E30C3}.Debug|Any CPU.ActiveCfg = Debug|Any CPU
		{C05D6C74-6277-4B92-A207-42C10B6E30C3}.Debug|Any CPU.Build.0 = Debug|Any CPU
		{C05D6C74-6277-4B92-A207-42C10B6E30C3}.Release|Any CPU.ActiveCfg = Release|Any CPU
		{C05D6C74-6277-4B92-A207-42C10B6E30C3}.Release|Any CPU.Build.0 = Release|Any CPU
		{7B5105D2-F087-4A56-8305-34A29222E79E}.Debug|Any CPU.ActiveCfg = Debug|Any CPU
		{7B5105D2-F087-4A56-8305-34A29222E79E}.Debug|Any CPU.Build.0 = Debug|Any CPU
		{7B5105D2-F087-4A56-8305-34A29222E79E}.Release|Any CPU.ActiveCfg = Release|Any CPU
		{7B5105D2-F087-4A56-8305-34A29222E79E}.Release|Any CPU.Build.0 = Release|Any CPU
		{5919A830-F990-49A6-98CF-C45E145D0C63}.Debug|Any CPU.ActiveCfg = Debug|Any CPU
		{5919A830-F990-49A6-98CF-C45E145D0C63}.Debug|Any CPU.Build.0 = Debug|Any CPU
		{5919A830-F990-49A6-98CF-C45E145D0C63}.Release|Any CPU.ActiveCfg = Release|Any CPU
		{5919A830-F990-49A6-98CF-C45E145D0C63}.Release|Any CPU.Build.0 = Release|Any CPU
		{CB717B87-A56A-49D7-9187-9104D3852A42}.Debug|Any CPU.ActiveCfg = Debug|Any CPU
		{CB717B87-A56A-49D7-9187-9104D3852A42}.Debug|Any CPU.Build.0 = Debug|Any CPU
		{CB717B87-A56A-49D7-9187-9104D3852A42}.Release|Any CPU.ActiveCfg = Release|Any CPU
		{CB717B87-A56A-49D7-9187-9104D3852A42}.Release|Any CPU.Build.0 = Release|Any CPU
		{D17DD4D8-CF8C-4088-A959-47AFBA268A9A}.Debug|Any CPU.ActiveCfg = Debug|Any CPU
		{D17DD4D8-CF8C-4088-A959-47AFBA268A9A}.Debug|Any CPU.Build.0 = Debug|Any CPU
		{D17DD4D8-CF8C-4088-A959-47AFBA268A9A}.Release|Any CPU.ActiveCfg = Release|Any CPU
		{D17DD4D8-CF8C-4088-A959-47AFBA268A9A}.Release|Any CPU.Build.0 = Release|Any CPU
	EndGlobalSection
EndGlobal
